# This file was autogenerated by Stack.
# You should not edit this file by hand.
# For more information, please see the documentation at:
#   https://docs.haskellstack.org/en/stable/lock_files

packages: []
snapshots:
- completed:
    size: 554662
    url: https://raw.githubusercontent.com/commercialhaskell/stackage-snapshots/master/nightly/2022/4/25.yaml
    sha256: 26ae00db80f62bc06bece3933042a3409a0298ea69cb031a4042199a61c0c8ad
  original: nightly-2022-04-25
